// !$*UTF8*$!
{
	archiveVersion = 1;
	classes = {
	};
	objectVersion = 50;
	objects = {

/* Begin PBXBuildFile section */
		A203790C2761BA6600DEC3FC /* sven-kucinic-Z0KjmjxUsKs-unsplash.jpg in Resources */ = {isa = PBXBuildFile; fileRef = A203790B2761BA6600DEC3FC /* sven-kucinic-Z0KjmjxUsKs-unsplash.jpg */; };
		A207C4302756AC3300339A89 /* AppDelegate.swift in Sources */ = {isa = PBXBuildFile; fileRef = A207C42F2756AC3300339A89 /* AppDelegate.swift */; };
		A207C4322756AC3300339A89 /* SceneDelegate.swift in Sources */ = {isa = PBXBuildFile; fileRef = A207C4312756AC3300339A89 /* SceneDelegate.swift */; };
		A207C4342756AC3300339A89 /* ViewController.swift in Sources */ = {isa = PBXBuildFile; fileRef = A207C4332756AC3300339A89 /* ViewController.swift */; };
		A207C4372756AC3300339A89 /* Main.storyboard in Resources */ = {isa = PBXBuildFile; fileRef = A207C4352756AC3300339A89 /* Main.storyboard */; };
		A207C43A2756AC3300339A89 /* FlightApp.xcdatamodeld in Sources */ = {isa = PBXBuildFile; fileRef = A207C4382756AC3300339A89 /* FlightApp.xcdatamodeld */; };
		A207C43C2756AC3400339A89 /* Assets.xcassets in Resources */ = {isa = PBXBuildFile; fileRef = A207C43B2756AC3400339A89 /* Assets.xcassets */; };
		A207C43F2756AC3400339A89 /* LaunchScreen.storyboard in Resources */ = {isa = PBXBuildFile; fileRef = A207C43D2756AC3400339A89 /* LaunchScreen.storyboard */; };
		A207C44B2756AFB700339A89 /* RegisterUserController.swift in Sources */ = {isa = PBXBuildFile; fileRef = A207C44A2756AFB700339A89 /* RegisterUserController.swift */; };
		A207C44E2756B20800339A89 /* CoreDataService.swift in Sources */ = {isa = PBXBuildFile; fileRef = A207C44D2756B20800339A89 /* CoreDataService.swift */; };
		A207C4512756D73300339A89 /* LeagueViewController.swift in Sources */ = {isa = PBXBuildFile; fileRef = A207C4502756D73300339A89 /* LeagueViewController.swift */; };
		A209104027582FAE00CCE10E /* FutViewCell.swift in Sources */ = {isa = PBXBuildFile; fileRef = A209103F27582FAE00CCE10E /* FutViewCell.swift */; };
		A21509452757ABC100474930 /* MatchesTable.swift in Sources */ = {isa = PBXBuildFile; fileRef = A21509442757ABC100474930 /* MatchesTable.swift */; };
		A21509482757AE6D00474930 /* ApiServiceController.swift in Sources */ = {isa = PBXBuildFile; fileRef = A21509472757AE6D00474930 /* ApiServiceController.swift */; };
		A22787022762BF5F00467AC8 /* WhatsApp Image 2021-12-09 at 5.46.14 PM.jpeg in Resources */ = {isa = PBXBuildFile; fileRef = A22787012762BF5F00467AC8 /* WhatsApp Image 2021-12-09 at 5.46.14 PM.jpeg */; };
		A27E3ACF27667C4800A88683 /* FavoritesViewController.swift in Sources */ = {isa = PBXBuildFile; fileRef = A27E3ACE27667C4800A88683 /* FavoritesViewController.swift */; };
/* End PBXBuildFile section */

/* Begin PBXFileReference section */
		A203790B2761BA6600DEC3FC /* sven-kucinic-Z0KjmjxUsKs-unsplash.jpg */ = {isa = PBXFileReference; lastKnownFileType = image.jpeg; name = "sven-kucinic-Z0KjmjxUsKs-unsplash.jpg"; path = "../../../Downloads/sven-kucinic-Z0KjmjxUsKs-unsplash.jpg"; sourceTree = "<group>"; };
		A207C42C2756AC3300339A89 /* FlightApp.app */ = {isa = PBXFileReference; explicitFileType = wrapper.application; includeInIndex = 0; path = FlightApp.app; sourceTree = BUILT_PRODUCTS_DIR; };
		A207C42F2756AC3300339A89 /* AppDelegate.swift */ = {isa = PBXFileReference; lastKnownFileType = sourcecode.swift; path = AppDelegate.swift; sourceTree = "<group>"; };
		A207C4312756AC3300339A89 /* SceneDelegate.swift */ = {isa = PBXFileReference; lastKnownFileType = sourcecode.swift; path = SceneDelegate.swift; sourceTree = "<group>"; };
		A207C4332756AC3300339A89 /* ViewController.swift */ = {isa = PBXFileReference; lastKnownFileType = sourcecode.swift; path = ViewController.swift; sourceTree = "<group>"; };
		A207C4362756AC3300339A89 /* Base */ = {isa = PBXFileReference; lastKnownFileType = file.storyboard; name = Base; path = Base.lproj/Main.storyboard; sourceTree = "<group>"; };
		A207C4392756AC3300339A89 /* FlightApp.xcdatamodel */ = {isa = PBXFileReference; lastKnownFileType = wrapper.xcdatamodel; path = FlightApp.xcdatamodel; sourceTree = "<group>"; };
		A207C43B2756AC3400339A89 /* Assets.xcassets */ = {isa = PBXFileReference; lastKnownFileType = folder.assetcatalog; path = Assets.xcassets; sourceTree = "<group>"; };
		A207C43E2756AC3400339A89 /* Base */ = {isa = PBXFileReference; lastKnownFileType = file.storyboard; name = Base; path = Base.lproj/LaunchScreen.storyboard; sourceTree = "<group>"; };
		A207C4402756AC3400339A89 /* Info.plist */ = {isa = PBXFileReference; lastKnownFileType = text.plist.xml; path = Info.plist; sourceTree = "<group>"; };
		A207C44A2756AFB700339A89 /* RegisterUserController.swift */ = {isa = PBXFileReference; lastKnownFileType = sourcecode.swift; path = RegisterUserController.swift; sourceTree = "<group>"; };
		A207C44D2756B20800339A89 /* CoreDataService.swift */ = {isa = PBXFileReference; lastKnownFileType = sourcecode.swift; path = CoreDataService.swift; sourceTree = "<group>"; };
		A207C4502756D73300339A89 /* LeagueViewController.swift */ = {isa = PBXFileReference; lastKnownFileType = sourcecode.swift; path = LeagueViewController.swift; sourceTree = "<group>"; };
		A209103F27582FAE00CCE10E /* FutViewCell.swift */ = {isa = PBXFileReference; lastKnownFileType = sourcecode.swift; path = FutViewCell.swift; sourceTree = "<group>"; };
		A21509442757ABC100474930 /* MatchesTable.swift */ = {isa = PBXFileReference; lastKnownFileType = sourcecode.swift; path = MatchesTable.swift; sourceTree = "<group>"; };
		A21509472757AE6D00474930 /* ApiServiceController.swift */ = {isa = PBXFileReference; lastKnownFileType = sourcecode.swift; path = ApiServiceController.swift; sourceTree = "<group>"; };
		A22787012762BF5F00467AC8 /* WhatsApp Image 2021-12-09 at 5.46.14 PM.jpeg */ = {isa = PBXFileReference; lastKnownFileType = image.jpeg; name = "WhatsApp Image 2021-12-09 at 5.46.14 PM.jpeg"; path = "../../../Downloads/WhatsApp Image 2021-12-09 at 5.46.14 PM.jpeg"; sourceTree = "<group>"; };
		A27E3ACE27667C4800A88683 /* FavoritesViewController.swift */ = {isa = PBXFileReference; lastKnownFileType = sourcecode.swift; path = FavoritesViewController.swift; sourceTree = "<group>"; };
/* End PBXFileReference section */

/* Begin PBXFrameworksBuildPhase section */
		A207C4292756AC3300339A89 /* Frameworks */ = {
			isa = PBXFrameworksBuildPhase;
			buildActionMask = 2147483647;
			files = (
			);
			runOnlyForDeploymentPostprocessing = 0;
		};
/* End PBXFrameworksBuildPhase section */

/* Begin PBXGroup section */
		A207C4232756AC3300339A89 = {
			isa = PBXGroup;
			children = (
				A207C42E2756AC3300339A89 /* FlightApp */,
				A207C42D2756AC3300339A89 /* Products */,
			);
			sourceTree = "<group>";
		};
		A207C42D2756AC3300339A89 /* Products */ = {
			isa = PBXGroup;
			children = (
				A207C42C2756AC3300339A89 /* FlightApp.app */,
			);
			name = Products;
			sourceTree = "<group>";
		};
		A207C42E2756AC3300339A89 /* FlightApp */ = {
			isa = PBXGroup;
			children = (
				A207C42F2756AC3300339A89 /* AppDelegate.swift */,
				A27E3AD1276694E400A88683 /* ViewControllers */,
				A27E3AD82766975C00A88683 /* Services */,
				A207C4312756AC3300339A89 /* SceneDelegate.swift */,
				A207C4352756AC3300339A89 /* Main.storyboard */,
				A209103F27582FAE00CCE10E /* FutViewCell.swift */,
				A27E3AD32766951300A88683 /* Model */,
				A203790B2761BA6600DEC3FC /* sven-kucinic-Z0KjmjxUsKs-unsplash.jpg */,
				A22787012762BF5F00467AC8 /* WhatsApp Image 2021-12-09 at 5.46.14 PM.jpeg */,
				A207C43B2756AC3400339A89 /* Assets.xcassets */,
				A207C43D2756AC3400339A89 /* LaunchScreen.storyboard */,
				A207C4402756AC3400339A89 /* Info.plist */,
				A207C4382756AC3300339A89 /* FlightApp.xcdatamodeld */,
			);
			path = FlightApp;
			sourceTree = "<group>";
		};
		A27E3AD1276694E400A88683 /* ViewControllers */ = {
			isa = PBXGroup;
			children = (
				A207C44A2756AFB700339A89 /* RegisterUserController.swift */,
				A207C4332756AC3300339A89 /* ViewController.swift */,
				A207C4502756D73300339A89 /* LeagueViewController.swift */,
				A27E3ACE27667C4800A88683 /* FavoritesViewController.swift */,
			);
			path = ViewControllers;
			sourceTree = "<group>";
		};
		A27E3AD32766951300A88683 /* Model */ = {
			isa = PBXGroup;
			children = (
				A21509442757ABC100474930 /* MatchesTable.swift */,
			);
			path = Model;
			sourceTree = "<group>";
		};
		A27E3AD82766975C00A88683 /* Services */ = {
			isa = PBXGroup;
			children = (
				A207C44D2756B20800339A89 /* CoreDataService.swift */,
				A21509472757AE6D00474930 /* ApiServiceController.swift */,
			);
			path = Services;
			sourceTree = "<group>";
		};
/* End PBXGroup section */

/* Begin PBXNativeTarget section */
		A207C42B2756AC3300339A89 /* FlightApp */ = {
			isa = PBXNativeTarget;
			buildConfigurationList = A207C4432756AC3400339A89 /* Build configuration list for PBXNativeTarget "FlightApp" */;
			buildPhases = (
				A207C4282756AC3300339A89 /* Sources */,
				A207C4292756AC3300339A89 /* Frameworks */,
				A207C42A2756AC3300339A89 /* Resources */,
			);
			buildRules = (
			);
			dependencies = (
			);
			name = FlightApp;
			productName = FlightApp;
			productReference = A207C42C2756AC3300339A89 /* FlightApp.app */;
			productType = "com.apple.product-type.application";
		};
/* End PBXNativeTarget section */

/* Begin PBXProject section */
		A207C4242756AC3300339A89 /* Project object */ = {
			isa = PBXProject;
			attributes = {
				LastSwiftUpdateCheck = 1240;
				LastUpgradeCheck = 1240;
				TargetAttributes = {
					A207C42B2756AC3300339A89 = {
						CreatedOnToolsVersion = 12.4;
					};
				};
			};
			buildConfigurationList = A207C4272756AC3300339A89 /* Build configuration list for PBXProject "FlightApp" */;
			compatibilityVersion = "Xcode 9.3";
			developmentRegion = en;
			hasScannedForEncodings = 0;
			knownRegions = (
				en,
				Base,
			);
			mainGroup = A207C4232756AC3300339A89;
			productRefGroup = A207C42D2756AC3300339A89 /* Products */;
			projectDirPath = "";
			projectRoot = "";
			targets = (
				A207C42B2756AC3300339A89 /* FlightApp */,
			);
		};
/* End PBXProject section */

/* Begin PBXResourcesBuildPhase section */
		A207C42A2756AC3300339A89 /* Resources */ = {
			isa = PBXResourcesBuildPhase;
			buildActionMask = 2147483647;
			files = (
				A22787022762BF5F00467AC8 /* WhatsApp Image 2021-12-09 at 5.46.14 PM.jpeg in Resources */,
				A207C43F2756AC3400339A89 /* LaunchScreen.storyboard in Resources */,
				A203790C2761BA6600DEC3FC /* sven-kucinic-Z0KjmjxUsKs-unsplash.jpg in Resources */,
				A207C43C2756AC3400339A89 /* Assets.xcassets in Resources */,
				A207C4372756AC3300339A89 /* Main.storyboard in Resources */,
			);
			runOnlyForDeploymentPostprocessing = 0;
		};
/* End PBXResourcesBuildPhase section */

/* Begin PBXSourcesBuildPhase section */
		A207C4282756AC3300339A89 /* Sources */ = {
			isa = PBXSourcesBuildPhase;
			buildActionMask = 2147483647;
			files = (
				A207C44B2756AFB700339A89 /* RegisterUserController.swift in Sources */,
				A21509452757ABC100474930 /* MatchesTable.swift in Sources */,
				A207C4512756D73300339A89 /* LeagueViewController.swift in Sources */,
				A209104027582FAE00CCE10E /* FutViewCell.swift in Sources */,
				A207C4342756AC3300339A89 /* ViewController.swift in Sources */,
				A207C43A2756AC3300339A89 /* FlightApp.xcdatamodeld in Sources */,
				A27E3ACF27667C4800A88683 /* FavoritesViewController.swift in Sources */,
				A21509482757AE6D00474930 /* ApiServiceController.swift in Sources */,
				A207C4302756AC3300339A89 /* AppDelegate.swift in Sources */,
				A207C44E2756B20800339A89 /* CoreDataService.swift in Sources */,
				A207C4322756AC3300339A89 /* SceneDelegate.swift in Sources */,
			);
			runOnlyForDeploymentPostprocessing = 0;
		};
/* End PBXSourcesBuildPhase section */

/* Begin PBXVariantGroup section */
		A207C4352756AC3300339A89 /* Main.storyboard */ = {
			isa = PBXVariantGroup;
			children = (
				A207C4362756AC3300339A89 /* Base */,
			);
			name = Main.storyboard;
			sourceTree = "<group>";
		};
		A207C43D2756AC3400339A89 /* LaunchScreen.storyboard */ = {
			isa = PBXVariantGroup;
			children = (
				A207C43E2756AC3400339A89 /* Base */,
			);
			name = LaunchScreen.storyboard;
			sourceTree = "<group>";
		};
/* End PBXVariantGroup section */

/* Begin XCBuildConfiguration section */
		A207C4412756AC3400339A89 /* Debug */ = {
			isa = XCBuildConfiguration;
			buildSettings = {
				ALWAYS_SEARCH_USER_PATHS = NO;
				CLANG_ANALYZER_NONNULL = YES;
				CLANG_ANALYZER_NUMBER_OBJECT_CONVERSION = YES_AGGRESSIVE;
				CLANG_CXX_LANGUAGE_STANDARD = "gnu++14";
				CLANG_CXX_LIBRARY = "libc++";
				CLANG_ENABLE_MODULES = YES;
				CLANG_ENABLE_OBJC_ARC = YES;
				CLANG_ENABLE_OBJC_WEAK = YES;
				CLANG_WARN_BLOCK_CAPTURE_AUTORELEASING = YES;
				CLANG_WARN_BOOL_CONVERSION = YES;
				CLANG_WARN_COMMA = YES;
				CLANG_WARN_CONSTANT_CONVERSION = YES;
				CLANG_WARN_DEPRECATED_OBJC_IMPLEMENTATIONS = YES;
				CLANG_WARN_DIRECT_OBJC_ISA_USAGE = YES_ERROR;
				CLANG_WARN_DOCUMENTATION_COMMENTS = YES;
				CLANG_WARN_EMPTY_BODY = YES;
				CLANG_WARN_ENUM_CONVERSION = YES;
				CLANG_WARN_INFINITE_RECURSION = YES;
				CLANG_WARN_INT_CONVERSION = YES;
				CLANG_WARN_NON_LITERAL_NULL_CONVERSION = YES;
				CLANG_WARN_OBJC_IMPLICIT_RETAIN_SELF = YES;
				CLANG_WARN_OBJC_LITERAL_CONVERSION = YES;
				CLANG_WARN_OBJC_ROOT_CLASS = YES_ERROR;
				CLANG_WARN_QUOTED_INCLUDE_IN_FRAMEWORK_HEADER = YES;
				CLANG_WARN_RANGE_LOOP_ANALYSIS = YES;
				CLANG_WARN_STRICT_PROTOTYPES = YES;
				CLANG_WARN_SUSPICIOUS_MOVE = YES;
				CLANG_WARN_UNGUARDED_AVAILABILITY = YES_AGGRESSIVE;
				CLANG_WARN_UNREACHABLE_CODE = YES;
				CLANG_WARN__DUPLICATE_METHOD_MATCH = YES;
				COPY_PHASE_STRIP = NO;
				DEBUG_INFORMATION_FORMAT = dwarf;
				ENABLE_STRICT_OBJC_MSGSEND = YES;
				ENABLE_TESTABILITY = YES;
				GCC_C_LANGUAGE_STANDARD = gnu11;
				GCC_DYNAMIC_NO_PIC = NO;
				GCC_NO_COMMON_BLOCKS = YES;
				GCC_OPTIMIZATION_LEVEL = 0;
				GCC_PREPROCESSOR_DEFINITIONS = (
					"DEBUG=1",
					"$(inherited)",
				);
				GCC_WARN_64_TO_32_BIT_CONVERSION = YES;
				GCC_WARN_ABOUT_RETURN_TYPE = YES_ERROR;
				GCC_WARN_UNDECLARED_SELECTOR = YES;
				GCC_WARN_UNINITIALIZED_AUTOS = YES_AGGRESSIVE;
				GCC_WARN_UNUSED_FUNCTION = YES;
				GCC_WARN_UNUSED_VARIABLE = YES;
				IPHONEOS_DEPLOYMENT_TARGET = 14.4;
				MTL_ENABLE_DEBUG_INFO = INCLUDE_SOURCE;
				MTL_FAST_MATH = YES;
				ONLY_ACTIVE_ARCH = YES;
				SDKROOT = iphoneos;
				SWIFT_ACTIVE_COMPILATION_CONDITIONS = DEBUG;
				SWIFT_OPTIMIZATION_LEVEL = "-Onone";
			};
			name = Debug;
		};
		A207C4422756AC3400339A89 /* Release */ = {
			isa = XCBuildConfiguration;
			buildSettings = {
				ALWAYS_SEARCH_USER_PATHS = NO;
				CLANG_ANALYZER_NONNULL = YES;
				CLANG_ANALYZER_NUMBER_OBJECT_CONVERSION = YES_AGGRESSIVE;
				CLANG_CXX_LANGUAGE_STANDARD = "gnu++14";
				CLANG_CXX_LIBRARY = "libc++";
				CLANG_ENABLE_MODULES = YES;
				CLANG_ENABLE_OBJC_ARC = YES;
				CLANG_ENABLE_OBJC_WEAK = YES;
				CLANG_WARN_BLOCK_CAPTURE_AUTORELEASING = YES;
				CLANG_WARN_BOOL_CONVERSION = YES;
				CLANG_WARN_COMMA = YES;
				CLANG_WARN_CONSTANT_CONVERSION = YES;
				CLANG_WARN_DEPRECATED_OBJC_IMPLEMENTATIONS = YES;
				CLANG_WARN_DIRECT_OBJC_ISA_USAGE = YES_ERROR;
				CLANG_WARN_DOCUMENTATION_COMMENTS = YES;
				CLANG_WARN_EMPTY_BODY = YES;
				CLANG_WARN_ENUM_CONVERSION = YES;
				CLANG_WARN_INFINITE_RECURSION = YES;
				CLANG_WARN_INT_CONVERSION = YES;
				CLANG_WARN_NON_LITERAL_NULL_CONVERSION = YES;
				CLANG_WARN_OBJC_IMPLICIT_RETAIN_SELF = YES;
				CLANG_WARN_OBJC_LITERAL_CONVERSION = YES;
				CLANG_WARN_OBJC_ROOT_CLASS = YES_ERROR;
				CLANG_WARN_QUOTED_INCLUDE_IN_FRAMEWORK_HEADER = YES;
				CLANG_WARN_RANGE_LOOP_ANALYSIS = YES;
				CLANG_WARN_STRICT_PROTOTYPES = YES;
				CLANG_WARN_SUSPICIOUS_MOVE = YES;
				CLANG_WARN_UNGUARDED_AVAILABILITY = YES_AGGRESSIVE;
				CLANG_WARN_UNREACHABLE_CODE = YES;
				CLANG_WARN__DUPLICATE_METHOD_MATCH = YES;
				COPY_PHASE_STRIP = NO;
				DEBUG_INFORMATION_FORMAT = "dwarf-with-dsym";
				ENABLE_NS_ASSERTIONS = NO;
				ENABLE_STRICT_OBJC_MSGSEND = YES;
				GCC_C_LANGUAGE_STANDARD = gnu11;
				GCC_NO_COMMON_BLOCKS = YES;
				GCC_WARN_64_TO_32_BIT_CONVERSION = YES;
				GCC_WARN_ABOUT_RETURN_TYPE = YES_ERROR;
				GCC_WARN_UNDECLARED_SELECTOR = YES;
				GCC_WARN_UNINITIALIZED_AUTOS = YES_AGGRESSIVE;
				GCC_WARN_UNUSED_FUNCTION = YES;
				GCC_WARN_UNUSED_VARIABLE = YES;
				IPHONEOS_DEPLOYMENT_TARGET = 14.4;
				MTL_ENABLE_DEBUG_INFO = NO;
				MTL_FAST_MATH = YES;
				SDKROOT = iphoneos;
				SWIFT_COMPILATION_MODE = wholemodule;
				SWIFT_OPTIMIZATION_LEVEL = "-O";
				VALIDATE_PRODUCT = YES;
			};
			name = Release;
		};
		A207C4442756AC3400339A89 /* Debug */ = {
			isa = XCBuildConfiguration;
			buildSettings = {
				ASSETCATALOG_COMPILER_APPICON_NAME = AppIcon;
				ASSETCATALOG_COMPILER_GLOBAL_ACCENT_COLOR_NAME = AccentColor;
				CODE_SIGN_STYLE = Automatic;
				INFOPLIST_FILE = FlightApp/Info.plist;
				LD_RUNPATH_SEARCH_PATHS = (
					"$(inherited)",
					"@executable_path/Frameworks",
				);
				PRODUCT_BUNDLE_IDENTIFIER = HumberCollege.FlightApp;
				PRODUCT_NAME = "$(TARGET_NAME)";
				SWIFT_VERSION = 5.0;
				TARGETED_DEVICE_FAMILY = "1,2";
			};
			name = Debug;
		};
		A207C4452756AC3400339A89 /* Release */ = {
			isa = XCBuildConfiguration;
			buildSettings = {
				ASSETCATALOG_COMPILER_APPICON_NAME = AppIcon;
				ASSETCATALOG_COMPILER_GLOBAL_ACCENT_COLOR_NAME = AccentColor;
				CODE_SIGN_STYLE = Automatic;
				INFOPLIST_FILE = FlightApp/Info.plist;
				LD_RUNPATH_SEARCH_PATHS = (
					"$(inherited)",
					"@executable_path/Frameworks",
				);
				PRODUCT_BUNDLE_IDENTIFIER = HumberCollege.FlightApp;
				PRODUCT_NAME = "$(TARGET_NAME)";
				SWIFT_VERSION = 5.0;
				TARGETED_DEVICE_FAMILY = "1,2";
			};
			name = Release;
		};
/* End XCBuildConfiguration section */

/* Begin XCConfigurationList section */
		A207C4272756AC3300339A89 /* Build configuration list for PBXProject "FlightApp" */ = {
			isa = XCConfigurationList;
			buildConfigurations = (
				A207C4412756AC3400339A89 /* Debug */,
				A207C4422756AC3400339A89 /* Release */,
			);
			defaultConfigurationIsVisible = 0;
			defaultConfigurationName = Release;
		};
		A207C4432756AC3400339A89 /* Build configuration list for PBXNativeTarget "FlightApp" */ = {
			isa = XCConfigurationList;
			buildConfigurations = (
				A207C4442756AC3400339A89 /* Debug */,
				A207C4452756AC3400339A89 /* Release */,
			);
			defaultConfigurationIsVisible = 0;
			defaultConfigurationName = Release;
		};
/* End XCConfigurationList section */

/* Begin XCVersionGroup section */
		A207C4382756AC3300339A89 /* FlightApp.xcdatamodeld */ = {
			isa = XCVersionGroup;
			children = (
				A207C4392756AC3300339A89 /* FlightApp.xcdatamodel */,
			);
			currentVersion = A207C4392756AC3300339A89 /* FlightApp.xcdatamodel */;
			path = FlightApp.xcdatamodeld;
			sourceTree = "<group>";
			versionGroupType = wrapper.xcdatamodel;
		};
/* End XCVersionGroup section */
	};
	rootObject = A207C4242756AC3300339A89 /* Project object */;
}
